{
  "name": "findfirstmissingnaturalnumber1parallel",
  "version": "1.0.0",
  "lockfileVersion": 1,
  "requires": true,
  "dependencies": {
    "rsvp": {
      "version": "4.8.2",
      "resolved": "https://registry.npmjs.org/rsvp/-/rsvp-4.8.2.tgz",
      "integrity": "sha512-8CU1Wjxvzt6bt8zln+hCjyieneU9s0LRW+lPRsjyVCY8Vm1kTbK7btBIrCGg6yY9U4undLDm/b1hKEEi1tLypg=="
    }
  }
}
